// !$*UTF8*$!
{
	archiveVersion = 1;
	classes = {
	};
	objectVersion = 46;
	objects = {

/* Begin PBXBuildFile section */
		4D9E085F18BE611900265349 /* Foundation.framework in Frameworks */ = {isa = PBXBuildFile; fileRef = 4D9E085E18BE611900265349 /* Foundation.framework */; };
		4D9E086118BE611900265349 /* CoreGraphics.framework in Frameworks */ = {isa = PBXBuildFile; fileRef = 4D9E086018BE611900265349 /* CoreGraphics.framework */; };
		4D9E086318BE611900265349 /* UIKit.framework in Frameworks */ = {isa = PBXBuildFile; fileRef = 4D9E086218BE611900265349 /* UIKit.framework */; };
		4D9E086918BE611900265349 /* InfoPlist.strings in Resources */ = {isa = PBXBuildFile; fileRef = 4D9E086718BE611900265349 /* InfoPlist.strings */; };
		4D9E086B18BE611900265349 /* main.m in Sources */ = {isa = PBXBuildFile; fileRef = 4D9E086A18BE611900265349 /* main.m */; };
		4D9E086F18BE611900265349 /* NOWAppDelegate.m in Sources */ = {isa = PBXBuildFile; fileRef = 4D9E086E18BE611900265349 /* NOWAppDelegate.m */; };
		4D9E087218BE611900265349 /* Main_iPhone.storyboard in Resources */ = {isa = PBXBuildFile; fileRef = 4D9E087018BE611900265349 /* Main_iPhone.storyboard */; };
		4D9E087518BE611900265349 /* Main_iPad.storyboard in Resources */ = {isa = PBXBuildFile; fileRef = 4D9E087318BE611900265349 /* Main_iPad.storyboard */; };
		4D9E087818BE611900265349 /* NOWViewController.m in Sources */ = {isa = PBXBuildFile; fileRef = 4D9E087718BE611900265349 /* NOWViewController.m */; };
		4D9E087A18BE611900265349 /* Images.xcassets in Resources */ = {isa = PBXBuildFile; fileRef = 4D9E087918BE611900265349 /* Images.xcassets */; };
		4D9E088118BE611900265349 /* XCTest.framework in Frameworks */ = {isa = PBXBuildFile; fileRef = 4D9E088018BE611900265349 /* XCTest.framework */; };
		4D9E088218BE611900265349 /* Foundation.framework in Frameworks */ = {isa = PBXBuildFile; fileRef = 4D9E085E18BE611900265349 /* Foundation.framework */; };
		4D9E088318BE611900265349 /* UIKit.framework in Frameworks */ = {isa = PBXBuildFile; fileRef = 4D9E086218BE611900265349 /* UIKit.framework */; };
		4D9E088B18BE611900265349 /* InfoPlist.strings in Resources */ = {isa = PBXBuildFile; fileRef = 4D9E088918BE611900265349 /* InfoPlist.strings */; };
		4D9E088D18BE611900265349 /* NowTests.m in Sources */ = {isa = PBXBuildFile; fileRef = 4D9E088C18BE611900265349 /* NowTests.m */; };
/* End PBXBuildFile section */

/* Begin PBXContainerItemProxy section */
		4D9E088418BE611900265349 /* PBXContainerItemProxy */ = {
			isa = PBXContainerItemProxy;
			containerPortal = 4D9E085318BE611900265349 /* Project object */;
			proxyType = 1;
			remoteGlobalIDString = 4D9E085A18BE611900265349;
			remoteInfo = Now;
		};
/* End PBXContainerItemProxy section */

/* Begin PBXFileReference section */
		4D9E085B18BE611900265349 /* Now.app */ = {isa = PBXFileReference; explicitFileType = wrapper.application; includeInIndex = 0; path = Now.app; sourceTree = BUILT_PRODUCTS_DIR; };
		4D9E085E18BE611900265349 /* Foundation.framework */ = {isa = PBXFileReference; lastKnownFileType = wrapper.framework; name = Foundation.framework; path = System/Library/Frameworks/Foundation.framework; sourceTree = SDKROOT; };
		4D9E086018BE611900265349 /* CoreGraphics.framework */ = {isa = PBXFileReference; lastKnownFileType = wrapper.framework; name = CoreGraphics.framework; path = System/Library/Frameworks/CoreGraphics.framework; sourceTree = SDKROOT; };
		4D9E086218BE611900265349 /* UIKit.framework */ = {isa = PBXFileReference; lastKnownFileType = wrapper.framework; name = UIKit.framework; path = System/Library/Frameworks/UIKit.framework; sourceTree = SDKROOT; };
		4D9E086618BE611900265349 /* Now-Info.plist */ = {isa = PBXFileReference; lastKnownFileType = text.plist.xml; path = "Now-Info.plist"; sourceTree = "<group>"; };
		4D9E086818BE611900265349 /* en */ = {isa = PBXFileReference; lastKnownFileType = text.plist.strings; name = en; path = en.lproj/InfoPlist.strings; sourceTree = "<group>"; };
		4D9E086A18BE611900265349 /* main.m */ = {isa = PBXFileReference; lastKnownFileType = sourcecode.c.objc; path = main.m; sourceTree = "<group>"; };
		4D9E086C18BE611900265349 /* Now-Prefix.pch */ = {isa = PBXFileReference; lastKnownFileType = sourcecode.c.h; path = "Now-Prefix.pch"; sourceTree = "<group>"; };
		4D9E086D18BE611900265349 /* NOWAppDelegate.h */ = {isa = PBXFileReference; lastKnownFileType = sourcecode.c.h; path = NOWAppDelegate.h; sourceTree = "<group>"; };
		4D9E086E18BE611900265349 /* NOWAppDelegate.m */ = {isa = PBXFileReference; lastKnownFileType = sourcecode.c.objc; path = NOWAppDelegate.m; sourceTree = "<group>"; };
		4D9E087118BE611900265349 /* Base */ = {isa = PBXFileReference; lastKnownFileType = file.storyboard; name = Base; path = Base.lproj/Main_iPhone.storyboard; sourceTree = "<group>"; };
		4D9E087418BE611900265349 /* Base */ = {isa = PBXFileReference; lastKnownFileType = file.storyboard; name = Base; path = Base.lproj/Main_iPad.storyboard; sourceTree = "<group>"; };
		4D9E087618BE611900265349 /* NOWViewController.h */ = {isa = PBXFileReference; lastKnownFileType = sourcecode.c.h; path = NOWViewController.h; sourceTree = "<group>"; };
		4D9E087718BE611900265349 /* NOWViewController.m */ = {isa = PBXFileReference; lastKnownFileType = sourcecode.c.objc; path = NOWViewController.m; sourceTree = "<group>"; };
		4D9E087918BE611900265349 /* Images.xcassets */ = {isa = PBXFileReference; lastKnownFileType = folder.assetcatalog; path = Images.xcassets; sourceTree = "<group>"; };
		4D9E087F18BE611900265349 /* NowTests.xctest */ = {isa = PBXFileReference; explicitFileType = wrapper.cfbundle; includeInIndex = 0; path = NowTests.xctest; sourceTree = BUILT_PRODUCTS_DIR; };
		4D9E088018BE611900265349 /* XCTest.framework */ = {isa = PBXFileReference; lastKnownFileType = wrapper.framework; name = XCTest.framework; path = Library/Frameworks/XCTest.framework; sourceTree = DEVELOPER_DIR; };
		4D9E088818BE611900265349 /* NowTests-Info.plist */ = {isa = PBXFileReference; lastKnownFileType = text.plist.xml; path = "NowTests-Info.plist"; sourceTree = "<group>"; };
		4D9E088A18BE611900265349 /* en */ = {isa = PBXFileReference; lastKnownFileType = text.plist.strings; name = en; path = en.lproj/InfoPlist.strings; sourceTree = "<group>"; };
		4D9E088C18BE611900265349 /* NowTests.m */ = {isa = PBXFileReference; lastKnownFileType = sourcecode.c.objc; path = NowTests.m; sourceTree = "<group>"; };
/* End PBXFileReference section */

/* Begin PBXFrameworksBuildPhase section */
		4D9E085818BE611900265349 /* Frameworks */ = {
			isa = PBXFrameworksBuildPhase;
			buildActionMask = 2147483647;
			files = (
				4D9E086118BE611900265349 /* CoreGraphics.framework in Frameworks */,
				4D9E086318BE611900265349 /* UIKit.framework in Frameworks */,
				4D9E085F18BE611900265349 /* Foundation.framework in Frameworks */,
			);
			runOnlyForDeploymentPostprocessing = 0;
		};
		4D9E087C18BE611900265349 /* Frameworks */ = {
			isa = PBXFrameworksBuildPhase;
			buildActionMask = 2147483647;
			files = (
				4D9E088118BE611900265349 /* XCTest.framework in Frameworks */,
				4D9E088318BE611900265349 /* UIKit.framework in Frameworks */,
				4D9E088218BE611900265349 /* Foundation.framework in Frameworks */,
			);
			runOnlyForDeploymentPostprocessing = 0;
		};
/* End PBXFrameworksBuildPhase section */

/* Begin PBXGroup section */
		4D9E085218BE611900265349 = {
			isa = PBXGroup;
			children = (
				4D9E086418BE611900265349 /* Now */,
				4D9E088618BE611900265349 /* NowTests */,
				4D9E085D18BE611900265349 /* Frameworks */,
				4D9E085C18BE611900265349 /* Products */,
			);
			sourceTree = "<group>";
		};
		4D9E085C18BE611900265349 /* Products */ = {
			isa = PBXGroup;
			children = (
				4D9E085B18BE611900265349 /* Now.app */,
				4D9E087F18BE611900265349 /* NowTests.xctest */,
			);
			name = Products;
			sourceTree = "<group>";
		};
		4D9E085D18BE611900265349 /* Frameworks */ = {
			isa = PBXGroup;
			children = (
				4D9E085E18BE611900265349 /* Foundation.framework */,
				4D9E086018BE611900265349 /* CoreGraphics.framework */,
				4D9E086218BE611900265349 /* UIKit.framework */,
				4D9E088018BE611900265349 /* XCTest.framework */,
			);
			name = Frameworks;
			sourceTree = "<group>";
		};
		4D9E086418BE611900265349 /* Now */ = {
			isa = PBXGroup;
			children = (
				4D9E086D18BE611900265349 /* NOWAppDelegate.h */,
				4D9E086E18BE611900265349 /* NOWAppDelegate.m */,
				4D9E087018BE611900265349 /* Main_iPhone.storyboard */,
				4D9E087318BE611900265349 /* Main_iPad.storyboard */,
				4D9E087618BE611900265349 /* NOWViewController.h */,
				4D9E087718BE611900265349 /* NOWViewController.m */,
				4D9E087918BE611900265349 /* Images.xcassets */,
				4D9E086518BE611900265349 /* Supporting Files */,
			);
			path = Now;
			sourceTree = "<group>";
		};
		4D9E086518BE611900265349 /* Supporting Files */ = {
			isa = PBXGroup;
			children = (
				4D9E086618BE611900265349 /* Now-Info.plist */,
				4D9E086718BE611900265349 /* InfoPlist.strings */,
				4D9E086A18BE611900265349 /* main.m */,
				4D9E086C18BE611900265349 /* Now-Prefix.pch */,
			);
			name = "Supporting Files";
			sourceTree = "<group>";
		};
		4D9E088618BE611900265349 /* NowTests */ = {
			isa = PBXGroup;
			children = (
				4D9E088C18BE611900265349 /* NowTests.m */,
				4D9E088718BE611900265349 /* Supporting Files */,
			);
			path = NowTests;
			sourceTree = "<group>";
		};
		4D9E088718BE611900265349 /* Supporting Files */ = {
			isa = PBXGroup;
			children = (
				4D9E088818BE611900265349 /* NowTests-Info.plist */,
				4D9E088918BE611900265349 /* InfoPlist.strings */,
			);
			name = "Supporting Files";
			sourceTree = "<group>";
		};
/* End PBXGroup section */

/* Begin PBXNativeTarget section */
		4D9E085A18BE611900265349 /* Now */ = {
			isa = PBXNativeTarget;
			buildConfigurationList = 4D9E089018BE611900265349 /* Build configuration list for PBXNativeTarget "Now" */;
			buildPhases = (
				4D9E085718BE611900265349 /* Sources */,
				4D9E085818BE611900265349 /* Frameworks */,
				4D9E085918BE611900265349 /* Resources */,
			);
			buildRules = (
			);
			dependencies = (
			);
			name = Now;
			productName = Now;
			productReference = 4D9E085B18BE611900265349 /* Now.app */;
			productType = "com.apple.product-type.application";
		};
		4D9E087E18BE611900265349 /* NowTests */ = {
			isa = PBXNativeTarget;
			buildConfigurationList = 4D9E089318BE611900265349 /* Build configuration list for PBXNativeTarget "NowTests" */;
			buildPhases = (
				4D9E087B18BE611900265349 /* Sources */,
				4D9E087C18BE611900265349 /* Frameworks */,
				4D9E087D18BE611900265349 /* Resources */,
			);
			buildRules = (
			);
			dependencies = (
				4D9E088518BE611900265349 /* PBXTargetDependency */,
			);
			name = NowTests;
			productName = NowTests;
			productReference = 4D9E087F18BE611900265349 /* NowTests.xctest */;
			productType = "com.apple.product-type.bundle.unit-test";
		};
/* End PBXNativeTarget section */

/* Begin PBXProject section */
		4D9E085318BE611900265349 /* Project object */ = {
			isa = PBXProject;
			attributes = {
				CLASSPREFIX = NOW;
				LastUpgradeCheck = 0500;
				ORGANIZATIONNAME = "Mark Hambly";
				TargetAttributes = {
					4D9E087E18BE611900265349 = {
						TestTargetID = 4D9E085A18BE611900265349;
					};
				};
			};
			buildConfigurationList = 4D9E085618BE611900265349 /* Build configuration list for PBXProject "Now" */;
			compatibilityVersion = "Xcode 3.2";
			developmentRegion = English;
			hasScannedForEncodings = 0;
			knownRegions = (
				en,
				Base,
			);
			mainGroup = 4D9E085218BE611900265349;
			productRefGroup = 4D9E085C18BE611900265349 /* Products */;
			projectDirPath = "";
			projectRoot = "";
			targets = (
				4D9E085A18BE611900265349 /* Now */,
				4D9E087E18BE611900265349 /* NowTests */,
			);
		};
/* End PBXProject section */

/* Begin PBXResourcesBuildPhase section */
		4D9E085918BE611900265349 /* Resources */ = {
			isa = PBXResourcesBuildPhase;
			buildActionMask = 2147483647;
			files = (
				4D9E087518BE611900265349 /* Main_iPad.storyboard in Resources */,
				4D9E087A18BE611900265349 /* Images.xcassets in Resources */,
				4D9E087218BE611900265349 /* Main_iPhone.storyboard in Resources */,
				4D9E086918BE611900265349 /* InfoPlist.strings in Resources */,
			);
			runOnlyForDeploymentPostprocessing = 0;
		};
		4D9E087D18BE611900265349 /* Resources */ = {
			isa = PBXResourcesBuildPhase;
			buildActionMask = 2147483647;
			files = (
				4D9E088B18BE611900265349 /* InfoPlist.strings in Resources */,
			);
			runOnlyForDeploymentPostprocessing = 0;
		};
/* End PBXResourcesBuildPhase section */

/* Begin PBXSourcesBuildPhase section */
		4D9E085718BE611900265349 /* Sources */ = {
			isa = PBXSourcesBuildPhase;
			buildActionMask = 2147483647;
			files = (
				4D9E086B18BE611900265349 /* main.m in Sources */,
				4D9E086F18BE611900265349 /* NOWAppDelegate.m in Sources */,
				4D9E087818BE611900265349 /* NOWViewController.m in Sources */,
			);
			runOnlyForDeploymentPostprocessing = 0;
		};
		4D9E087B18BE611900265349 /* Sources */ = {
			isa = PBXSourcesBuildPhase;
			buildActionMask = 2147483647;
			files = (
				4D9E088D18BE611900265349 /* NowTests.m in Sources */,
			);
			runOnlyForDeploymentPostprocessing = 0;
		};
/* End PBXSourcesBuildPhase section */

/* Begin PBXTargetDependency section */
		4D9E088518BE611900265349 /* PBXTargetDependency */ = {
			isa = PBXTargetDependency;
			target = 4D9E085A18BE611900265349 /* Now */;
			targetProxy = 4D9E088418BE611900265349 /* PBXContainerItemProxy */;
		};
/* End PBXTargetDependency section */

/* Begin PBXVariantGroup section */
		4D9E086718BE611900265349 /* InfoPlist.strings */ = {
			isa = PBXVariantGroup;
			children = (
				4D9E086818BE611900265349 /* en */,
			);
			name = InfoPlist.strings;
			sourceTree = "<group>";
		};
		4D9E087018BE611900265349 /* Main_iPhone.storyboard */ = {
			isa = PBXVariantGroup;
			children = (
				4D9E087118BE611900265349 /* Base */,
			);
			name = Main_iPhone.storyboard;
			sourceTree = "<group>";
		};
		4D9E087318BE611900265349 /* Main_iPad.storyboard */ = {
			isa = PBXVariantGroup;
			children = (
				4D9E087418BE611900265349 /* Base */,
			);
			name = Main_iPad.storyboard;
			sourceTree = "<group>";
		};
		4D9E088918BE611900265349 /* InfoPlist.strings */ = {
			isa = PBXVariantGroup;
			children = (
				4D9E088A18BE611900265349 /* en */,
			);
			name = InfoPlist.strings;
			sourceTree = "<group>";
		};
/* End PBXVariantGroup section */

/* Begin XCBuildConfiguration section */
		4D9E088E18BE611900265349 /* Debug */ = {
			isa = XCBuildConfiguration;
			buildSettings = {
				ALWAYS_SEARCH_USER_PATHS = NO;
				ARCHS = "$(ARCHS_STANDARD_INCLUDING_64_BIT)";
				CLANG_CXX_LANGUAGE_STANDARD = "gnu++0x";
				CLANG_CXX_LIBRARY = "libc++";
				CLANG_ENABLE_MODULES = YES;
				CLANG_ENABLE_OBJC_ARC = YES;
				CLANG_WARN_BOOL_CONVERSION = YES;
				CLANG_WARN_CONSTANT_CONVERSION = YES;
				CLANG_WARN_DIRECT_OBJC_ISA_USAGE = YES_ERROR;
				CLANG_WARN_EMPTY_BODY = YES;
				CLANG_WARN_ENUM_CONVERSION = YES;
				CLANG_WARN_INT_CONVERSION = YES;
				CLANG_WARN_OBJC_ROOT_CLASS = YES_ERROR;
				CLANG_WARN__DUPLICATE_METHOD_MATCH = YES;
				"CODE_SIGN_IDENTITY[sdk=iphoneos*]" = "iPhone Developer";
				COPY_PHASE_STRIP = NO;
				GCC_C_LANGUAGE_STANDARD = gnu99;
				GCC_DYNAMIC_NO_PIC = NO;
				GCC_OPTIMIZATION_LEVEL = 0;
				GCC_PREPROCESSOR_DEFINITIONS = (
					"DEBUG=1",
					"$(inherited)",
				);
				GCC_SYMBOLS_PRIVATE_EXTERN = NO;
				GCC_WARN_64_TO_32_BIT_CONVERSION = YES;
				GCC_WARN_ABOUT_RETURN_TYPE = YES_ERROR;
				GCC_WARN_UNDECLARED_SELECTOR = YES;
				GCC_WARN_UNINITIALIZED_AUTOS = YES;
				GCC_WARN_UNUSED_FUNCTION = YES;
				GCC_WARN_UNUSED_VARIABLE = YES;
				IPHONEOS_DEPLOYMENT_TARGET = 7.0;
				ONLY_ACTIVE_ARCH = YES;
				SDKROOT = iphoneos;
				TARGETED_DEVICE_FAMILY = "1,2";
			};
			name = Debug;
		};
		4D9E088F18BE611900265349 /* Release */ = {
			isa = XCBuildConfiguration;
			buildSettings = {
				ALWAYS_SEARCH_USER_PATHS = NO;
				ARCHS = "$(ARCHS_STANDARD_INCLUDING_64_BIT)";
				CLANG_CXX_LANGUAGE_STANDARD = "gnu++0x";
				CLANG_CXX_LIBRARY = "libc++";
				CLANG_ENABLE_MODULES = YES;
				CLANG_ENABLE_OBJC_ARC = YES;
				CLANG_WARN_BOOL_CONVERSION = YES;
				CLANG_WARN_CONSTANT_CONVERSION = YES;
				CLANG_WARN_DIRECT_OBJC_ISA_USAGE = YES_ERROR;
				CLANG_WARN_EMPTY_BODY = YES;
				CLANG_WARN_ENUM_CONVERSION = YES;
				CLANG_WARN_INT_CONVERSION = YES;
				CLANG_WARN_OBJC_ROOT_CLASS = YES_ERROR;
				CLANG_WARN__DUPLICATE_METHOD_MATCH = YES;
				"CODE_SIGN_IDENTITY[sdk=iphoneos*]" = "iPhone Developer";
				COPY_PHASE_STRIP = YES;
				ENABLE_NS_ASSERTIONS = NO;
				GCC_C_LANGUAGE_STANDARD = gnu99;
				GCC_WARN_64_TO_32_BIT_CONVERSION = YES;
				GCC_WARN_ABOUT_RETURN_TYPE = YES_ERROR;
				GCC_WARN_UNDECLARED_SELECTOR = YES;
				GCC_WARN_UNINITIALIZED_AUTOS = YES;
				GCC_WARN_UNUSED_FUNCTION = YES;
				GCC_WARN_UNUSED_VARIABLE = YES;
				IPHONEOS_DEPLOYMENT_TARGET = 7.0;
				SDKROOT = iphoneos;
				TARGETED_DEVICE_FAMILY = "1,2";
				VALIDATE_PRODUCT = YES;
			};
			name = Release;
		};
		4D9E089118BE611900265349 /* Debug */ = {
			isa = XCBuildConfiguration;
			buildSettings = {
				ASSETCATALOG_COMPILER_APPICON_NAME = AppIcon;
				ASSETCATALOG_COMPILER_LAUNCHIMAGE_NAME = LaunchImage;
				GCC_PRECOMPILE_PREFIX_HEADER = YES;
				GCC_PREFIX_HEADER = "Now/Now-Prefix.pch";
				INFOPLIST_FILE = "Now/Now-Info.plist";
				PRODUCT_NAME = "$(TARGET_NAME)";
				WRAPPER_EXTENSION = app;
			};
			name = Debug;
		};
		4D9E089218BE611900265349 /* Release */ = {
			isa = XCBuildConfiguration;
			buildSettings = {
				ASSETCATALOG_COMPILER_APPICON_NAME = AppIcon;
				ASSETCATALOG_COMPILER_LAUNCHIMAGE_NAME = LaunchImage;
				GCC_PRECOMPILE_PREFIX_HEADER = YES;
				GCC_PREFIX_HEADER = "Now/Now-Prefix.pch";
				INFOPLIST_FILE = "Now/Now-Info.plist";
				PRODUCT_NAME = "$(TARGET_NAME)";
				WRAPPER_EXTENSION = app;
			};
			name = Release;
		};
		4D9E089418BE611900265349 /* Debug */ = {
			isa = XCBuildConfiguration;
			buildSettings = {
				ARCHS = "$(ARCHS_STANDARD_INCLUDING_64_BIT)";
				BUNDLE_LOADER = "$(BUILT_PRODUCTS_DIR)/Now.app/Now";
				FRAMEWORK_SEARCH_PATHS = (
					"$(SDKROOT)/Developer/Library/Frameworks",
					"$(inherited)",
					"$(DEVELOPER_FRAMEWORKS_DIR)",
				);
				GCC_PRECOMPILE_PREFIX_HEADER = YES;
				GCC_PREFIX_HEADER = "Now/Now-Prefix.pch";
				GCC_PREPROCESSOR_DEFINITIONS = (
					"DEBUG=1",
					"$(inherited)",
				);
				INFOPLIST_FILE = "NowTests/NowTests-Info.plist";
				PRODUCT_NAME = "$(TARGET_NAME)";
				TEST_HOST = "$(BUNDLE_LOADER)";
				WRAPPER_EXTENSION = xctest;
			};
			name = Debug;
		};
		4D9E089518BE611900265349 /* Release */ = {
			isa = XCBuildConfiguration;
			buildSettings = {
				ARCHS = "$(ARCHS_STANDARD_INCLUDING_64_BIT)";
				BUNDLE_LOADER = "$(BUILT_PRODUCTS_DIR)/Now.app/Now";
				FRAMEWORK_SEARCH_PATHS = (
					"$(SDKROOT)/Developer/Library/Frameworks",
					"$(inherited)",
					"$(DEVELOPER_FRAMEWORKS_DIR)",
				);
				GCC_PRECOMPILE_PREFIX_HEADER = YES;
				GCC_PREFIX_HEADER = "Now/Now-Prefix.pch";
				INFOPLIST_FILE = "NowTests/NowTests-Info.plist";
				PRODUCT_NAME = "$(TARGET_NAME)";
				TEST_HOST = "$(BUNDLE_LOADER)";
				WRAPPER_EXTENSION = xctest;
			};
			name = Release;
		};
/* End XCBuildConfiguration section */

/* Begin XCConfigurationList section */
		4D9E085618BE611900265349 /* Build configuration list for PBXProject "Now" */ = {
			isa = XCConfigurationList;
			buildConfigurations = (
				4D9E088E18BE611900265349 /* Debug */,
				4D9E088F18BE611900265349 /* Release */,
			);
			defaultConfigurationIsVisible = 0;
			defaultConfigurationName = Release;
		};
		4D9E089018BE611900265349 /* Build configuration list for PBXNativeTarget "Now" */ = {
			isa = XCConfigurationList;
			buildConfigurations = (
				4D9E089118BE611900265349 /* Debug */,
				4D9E089218BE611900265349 /* Release */,
			);
			defaultConfigurationIsVisible = 0;
		};
		4D9E089318BE611900265349 /* Build configuration list for PBXNativeTarget "NowTests" */ = {
			isa = XCConfigurationList;
			buildConfigurations = (
				4D9E089418BE611900265349 /* Debug */,
				4D9E089518BE611900265349 /* Release */,
			);
			defaultConfigurationIsVisible = 0;
		};
/* End XCConfigurationList section */
	};
	rootObject = 4D9E085318BE611900265349 /* Project object */;
}
